{
  "name": "noto-sans-jp-test",
  "lockfileVersion": 2,
  "requires": true,
  "packages": {
    "": {
      "dependencies": {
        "@fontsource/noto-sans-jp": "^4.5.12"
      }
    },
    "node_modules/@fontsource/noto-sans-jp": {
      "version": "4.5.12",
      "resolved": "https://registry.npmjs.org/@fontsource/noto-sans-jp/-/noto-sans-jp-4.5.12.tgz",
      "integrity": "sha512-tdJAUEyuyyCRD4Ot4ZE8+3uyGeSJQD/soSHr7LoltEQr22IotDDWOlqQKF7CpTaJPwt4iOBoXWtAoSN0huVW6A=="
    }
  },
  "dependencies": {
    "@fontsource/noto-sans-jp": {
      "version": "4.5.12",
      "resolved": "https://registry.npmjs.org/@fontsource/noto-sans-jp/-/noto-sans-jp-4.5.12.tgz",
      "integrity": "sha512-tdJAUEyuyyCRD4Ot4ZE8+3uyGeSJQD/soSHr7LoltEQr22IotDDWOlqQKF7CpTaJPwt4iOBoXWtAoSN0huVW6A=="
    }
  }
}
